
Microsoft Visual Studio Solution File, Format Version 12.00
# Visual Studio 15
VisualStudioVersion = 15.0.28307.489
MinimumVisualStudioVersion = 10.0.40219.1
Project("{FAE04EC0-301F-11D3-BF4B-00C04F79EFBC}") = "MarsRover", "MarsRover\MarsRover.csproj", "{7A4AC267-E8E9-472A-83DE-3205EC72C03E}"
EndProject
Global
	GlobalSection(SolutionConfigurationPlatforms) = preSolution
		Debug|Any CPU = Debug|Any CPU
		Release|Any CPU = Release|Any CPU
	EndGlobalSection
	GlobalSection(ProjectConfigurationPlatforms) = postSolution
		{7A4AC267-E8E9-472A-83DE-3205EC72C03E}.Debug|Any CPU.ActiveCfg = Debug|Any CPU
		{7A4AC267-E8E9-472A-83DE-3205EC72C03E}.Debug|Any CPU.Build.0 = Debug|Any CPU
		{7A4AC267-E8E9-472A-83DE-3205EC72C03E}.Release|Any CPU.ActiveCfg = Release|Any CPU
		{7A4AC267-E8E9-472A-83DE-3205EC72C03E}.Release|Any CPU.Build.0 = Release|Any CPU
	EndGlobalSection
	GlobalSection(SolutionProperties) = preSolution
		HideSolutionNode = FALSE
	EndGlobalSection
	GlobalSection(ExtensibilityGlobals) = postSolution
		SolutionGuid = {09176BA9-5AB1-41FA-9695-3937F1DB6B25}
	EndGlobalSection
EndGlobal
